<?xml version="1.0" encoding="utf-8"?>
<Project ToolsVersion="4.0" xmlns="http://schemas.microsoft.com/developer/msbuild/2003">
  <ItemGroup>
    <Filter Include="include">
      <UniqueIdentifier>{7de1478f-0ca5-4dc3-9c80-f63af898d861}</UniqueIdentifier>
    </Filter>
    <Filter Include="source">
      <UniqueIdentifier>{cd4ee2aa-1941-4dc8-8a5b-2241fd3eae58}</UniqueIdentifier>
    </Filter>
    <Filter Include="include\prerequisites">
      <UniqueIdentifier>{7ba077da-5db2-4a32-a858-b015eb43dce3}</UniqueIdentifier>
    </Filter>
    <Filter Include="include\window">
      <UniqueIdentifier>{1979a646-8a9a-405d-bd5e-8ca586364109}</UniqueIdentifier>
    </Filter>
    <Filter Include="include\events">
      <UniqueIdentifier>{2bff4ad3-d17e-4854-90ab-70ae3f7c99e4}</UniqueIdentifier>
    </Filter>
    <Filter Include="include\geometry">
      <UniqueIdentifier>{4209ee74-d096-4626-a341-491d65468daa}</UniqueIdentifier>
    </Filter>
    <Filter Include="source\window">
      <UniqueIdentifier>{f5888abd-2600-45db-a79c-985e5ce88a8b}</UniqueIdentifier>
    </Filter>
    <Filter Include="include\game">
      <UniqueIdentifier>{a550707c-5b0a-41b8-80b8-aad2a453b543}</UniqueIdentifier>
    </Filter>
    <Filter Include="include\buffers">
      <UniqueIdentifier>{c7ed305e-a1ad-4822-bc75-ab45ea3c85c8}</UniqueIdentifier>
    </Filter>
    <Filter Include="source\buffers">
      <UniqueIdentifier>{b9e6cf2a-a519-40be-85f4-fe5175fd70f2}</UniqueIdentifier>
    </Filter>
    <Filter Include="include\api">
      <UniqueIdentifier>{adbd355c-db1a-48d9-839a-3639ae7c4011}</UniqueIdentifier>
    </Filter>
    <Filter Include="source\api">
      <UniqueIdentifier>{d21265f3-ce77-4adf-a873-9ba9efb097c5}</UniqueIdentifier>
    </Filter>
    <Filter Include="include\graphics">
      <UniqueIdentifier>{b55ae11e-c59d-4644-b864-bb64e574335d}</UniqueIdentifier>
    </Filter>
    <Filter Include="include\camera">
      <UniqueIdentifier>{56118060-0e7b-45ed-9067-e272e3634412}</UniqueIdentifier>
    </Filter>
    <Filter Include="source\camera">
      <UniqueIdentifier>{03eecd44-c9d4-4fec-87ec-fed8d6bc6887}</UniqueIdentifier>
    </Filter>
    <Filter Include="include\base app">
      <UniqueIdentifier>{d4ee8979-e08f-40e5-a7c9-74bafca0d1b7}</UniqueIdentifier>
    </Filter>
    <Filter Include="source\base app">
      <UniqueIdentifier>{fe1b7a50-c5a6-4e7b-8d28-f81bce41cab6}</UniqueIdentifier>
    </Filter>
    <Filter Include="source\events">
      <UniqueIdentifier>{053a5fdf-01ad-42ec-ab31-efd131b12c76}</UniqueIdentifier>
    </Filter>
    <Filter Include="source\graphics">
      <UniqueIdentifier>{97698cb5-919b-4d24-b37b-c212942a8975}</UniqueIdentifier>
    </Filter>
    <Filter Include="source\game">
      <UniqueIdentifier>{8f33a7ac-da31-4a04-8a80-14966e69e124}</UniqueIdentifier>
    </Filter>
    <Filter Include="include\managers">
      <UniqueIdentifier>{62eff678-0428-4da5-99b6-2f7e9c835f71}</UniqueIdentifier>
    </Filter>
    <Filter Include="source\managers">
      <UniqueIdentifier>{9e1412c8-4e14-48b6-ac30-767e2c2ea502}</UniqueIdentifier>
    </Filter>
    <Filter Include="include\resources">
      <UniqueIdentifier>{64eebc39-ffc4-486f-bac2-304f40d9621e}</UniqueIdentifier>
    </Filter>
    <Filter Include="include\codecs">
      <UniqueIdentifier>{3b070723-b920-4812-be09-d29a2fd033cd}</UniqueIdentifier>
    </Filter>
    <Filter Include="source\codecs">
      <UniqueIdentifier>{087b564c-2822-41ea-b754-3c73722e4c8e}</UniqueIdentifier>
    </Filter>
    <Filter Include="include\components">
      <UniqueIdentifier>{337c38cb-9586-4808-89b9-90a4b37344e9}</UniqueIdentifier>
    </Filter>
    <Filter Include="source\components">
      <UniqueIdentifier>{f627251f-3799-43fa-b803-08db6bee61b3}</UniqueIdentifier>
    </Filter>
    <Filter Include="source\resources">
      <UniqueIdentifier>{d4478e0c-0048-4d0c-a213-a2c7acdb8f6b}</UniqueIdentifier>
    </Filter>
  </ItemGroup>
  <ItemGroup>
    <ClInclude Include="include\pkPrerequisitesCore.h">
      <Filter>include\prerequisites</Filter>
    </ClInclude>
    <ClInclude Include="include\pkWindow.h">
      <Filter>include\window</Filter>
    </ClInclude>
    <ClInclude Include="include\pkWindowDesc.h">
      <Filter>include\window</Filter>
    </ClInclude>
    <ClInclude Include="include\pkEvent.h">
      <Filter>include\events</Filter>
    </ClInclude>
    <ClInclude Include="include\pkEventQueue.h">
      <Filter>include\events</Filter>
    </ClInclude>
    <ClInclude Include="include\pkMouseWheelData.h">
      <Filter>include\events</Filter>
    </ClInclude>
    <ClInclude Include="include\pkSimpleVertex.h">
      <Filter>include\geometry</Filter>
    </ClInclude>
    <ClInclude Include="include\pkIndexBuffer.h">
      <Filter>include\buffers</Filter>
    </ClInclude>
    <ClInclude Include="include\pkGraphicsAPI.h">
      <Filter>include\api</Filter>
    </ClInclude>
    <ClInclude Include="include\pkVertexBuffer.h">
      <Filter>include\buffers</Filter>
    </ClInclude>
    <ClInclude Include="include\pkLight.h">
      <Filter>include\graphics</Filter>
    </ClInclude>
    <ClInclude Include="include\pkBone.h">
      <Filter>include\game</Filter>
    </ClInclude>
    <ClInclude Include="include\pkCoreDefines.h">
      <Filter>include\prerequisites</Filter>
    </ClInclude>
    <ClInclude Include="include\pkDevice.h">
      <Filter>include\api</Filter>
    </ClInclude>
    <ClInclude Include="include\pkTexture.h">
      <Filter>include\graphics</Filter>
    </ClInclude>
    <ClInclude Include="include\pkDllLoader.h">
      <Filter>include\api</Filter>
    </ClInclude>
    <ClInclude Include="include\pkBaseApp.h">
      <Filter>include\base app</Filter>
    </ClInclude>
    <ClInclude Include="include\pkKey.h">
      <Filter>include\events</Filter>
    </ClInclude>
    <ClInclude Include="include\pkConstantBuffer.h">
      <Filter>include\buffers</Filter>
    </ClInclude>
    <ClInclude Include="include\pkMaterial.h">
      <Filter>include\graphics</Filter>
    </ClInclude>
    <ClInclude Include="include\pkInputLayout.h">
      <Filter>include\api</Filter>
    </ClInclude>
    <ClInclude Include="include\pkShader.h">
      <Filter>include\graphics</Filter>
    </ClInclude>
    <ClInclude Include="include\pkRenderTargetView.h">
      <Filter>include\graphics</Filter>
    </ClInclude>
    <ClInclude Include="include\pkSwapChain.h">
      <Filter>include\graphics</Filter>
    </ClInclude>
    <ClInclude Include="include\pkFrustum.h">
      <Filter>include\camera</Filter>
    </ClInclude>
    <ClInclude Include="include\pkActor.h">
      <Filter>include\game</Filter>
    </ClInclude>
    <ClInclude Include="include\pkScene.h">
      <Filter>include\game</Filter>
    </ClInclude>
    <ClInclude Include="include\pkDepthStencilView.h">
      <Filter>include\graphics</Filter>
    </ClInclude>
    <ClInclude Include="include\pkGraphicTypes.h">
      <Filter>include\graphics</Filter>
    </ClInclude>
    <ClInclude Include="include\pkInputLayoutDesc.h">
      <Filter>include\graphics</Filter>
    </ClInclude>
    <ClInclude Include="include\pkSamplerState.h">
      <Filter>include\graphics</Filter>
    </ClInclude>
    <ClInclude Include="include\pkBlendState.h">
      <Filter>include\graphics</Filter>
    </ClInclude>
    <ClInclude Include="include\pkRasterizerState.h">
      <Filter>include\api</Filter>
    </ClInclude>
    <ClInclude Include="include\pkCBuffers.h">
      <Filter>include\buffers</Filter>
    </ClInclude>
    <ClInclude Include="include\pkScriptManager.h">
      <Filter>include\managers</Filter>
    </ClInclude>
    <ClInclude Include="include\pkSprite.h">
      <Filter>include\geometry</Filter>
    </ClInclude>
    <ClInclude Include="include\pkLogger.h">
      <Filter>include\managers</Filter>
    </ClInclude>
    <ClInclude Include="include\pkSceneManager.h">
      <Filter>include\managers</Filter>
    </ClInclude>
    <ClInclude Include="include\pkRendererManager.h">
      <Filter>include\managers</Filter>
    </ClInclude>
    <ClInclude Include="include\pkModelManager.h">
      <Filter>include\managers</Filter>
    </ClInclude>
    <ClInclude Include="include\pkTextureManager.h">
      <Filter>include\managers</Filter>
    </ClInclude>
    <ClInclude Include="include\pkTimeManager.h">
      <Filter>include\managers</Filter>
    </ClInclude>
    <ClInclude Include="include\pkAssetResourceManager.h">
      <Filter>include\managers</Filter>
    </ClInclude>
    <ClInclude Include="include\pkShaderManager.h">
      <Filter>include\managers</Filter>
    </ClInclude>
    <ClInclude Include="include\pkModelResource.h">
      <Filter>include\resources</Filter>
    </ClInclude>
    <ClInclude Include="include\pkBaseResource.h">
      <Filter>include\resources</Filter>
    </ClInclude>
    <ClInclude Include="include\pkTextureResource.h">
      <Filter>include\resources</Filter>
    </ClInclude>
    <ClInclude Include="include\pkDllManager.h">
      <Filter>include\managers</Filter>
    </ClInclude>
    <ClInclude Include="include\pkModelCodec.h">
      <Filter>include\codecs</Filter>
    </ClInclude>
    <ClInclude Include="include\pkTextureCodec.h">
      <Filter>include\codecs</Filter>
    </ClInclude>
    <ClInclude Include="include\pkMesh.h">
      <Filter>include\components</Filter>
    </ClInclude>
    <ClInclude Include="include\pkModel.h">
      <Filter>include\components</Filter>
    </ClInclude>
    <ClInclude Include="include\pkInverseKinematics.h">
      <Filter>include\components</Filter>
    </ClInclude>
    <ClInclude Include="include\pkGravityComponent.h">
      <Filter>include\components</Filter>
    </ClInclude>
    <ClInclude Include="include\pkComponent.h">
      <Filter>include\components</Filter>
    </ClInclude>
    <ClInclude Include="include\pkPass.h">
      <Filter>include\graphics</Filter>
    </ClInclude>
    <ClInclude Include="include\pkPassDesc.h">
      <Filter>include\graphics</Filter>
    </ClInclude>
    <ClInclude Include="include\pkMaterialResource.h">
      <Filter>include\resources</Filter>
    </ClInclude>
    <ClInclude Include="include\pkMaterialCodec.h">
      <Filter>include\codecs</Filter>
    </ClInclude>
    <ClInclude Include="include\pkMaterialManager.h">
      <Filter>include\managers</Filter>
    </ClInclude>
    <ClInclude Include="include\pkShaderResource.h">
      <Filter>include\resources</Filter>
    </ClInclude>
    <ClInclude Include="include\pkShaderCodec.h">
      <Filter>include\codecs</Filter>
    </ClInclude>
    <ClInclude Include="include\pkTexture3D.h">
      <Filter>include\graphics</Filter>
    </ClInclude>
    <ClInclude Include="include\pkCamera.h">
      <Filter>include\components</Filter>
    </ClInclude>
  </ItemGroup>
  <ItemGroup>
    <ClCompile Include="source\pkWin32Window.cpp">
      <Filter>source\window</Filter>
    </ClCompile>
    <ClCompile Include="source\pkLinuxWindow.cpp">
      <Filter>source\window</Filter>
    </ClCompile>
    <ClCompile Include="source\pkIndexBuffer.cpp">
      <Filter>source\buffers</Filter>
    </ClCompile>
    <ClCompile Include="source\pkGraphicsAPI.cpp">
      <Filter>source\api</Filter>
    </ClCompile>
    <ClCompile Include="source\pkBone.cpp">
      <Filter>source\game</Filter>
    </ClCompile>
    <ClCompile Include="source\pkDllLoader.cpp">
      <Filter>source\api</Filter>
    </ClCompile>
    <ClCompile Include="source\pkBaseApp.cpp">
      <Filter>source\base app</Filter>
    </ClCompile>
    <ClCompile Include="source\pkWin32Event.cpp">
      <Filter>source\events</Filter>
    </ClCompile>
    <ClCompile Include="source\pkWin32EventQueue.cpp">
      <Filter>source\events</Filter>
    </ClCompile>
    <ClCompile Include="source\pkMaterial.cpp">
      <Filter>source\graphics</Filter>
    </ClCompile>
    <ClCompile Include="source\pkTexture.cpp">
      <Filter>source\graphics</Filter>
    </ClCompile>
    <ClCompile Include="source\pkSprite.cpp">
      <Filter>source\game</Filter>
    </ClCompile>
    <ClCompile Include="source\pkActor.cpp">
      <Filter>source\game</Filter>
    </ClCompile>
    <ClCompile Include="source\pkScene.cpp">
      <Filter>source\game</Filter>
    </ClCompile>
    <ClCompile Include="source\pkPass.cpp">
      <Filter>source\game</Filter>
    </ClCompile>
    <ClCompile Include="source\pkShader.cpp">
      <Filter>source\graphics</Filter>
    </ClCompile>
    <ClCompile Include="source\pkScriptManager.cpp">
      <Filter>source\managers</Filter>
    </ClCompile>
    <ClCompile Include="source\pkSceneManager.cpp">
      <Filter>source\managers</Filter>
    </ClCompile>
    <ClCompile Include="source\pkLogger.cpp">
      <Filter>source\managers</Filter>
    </ClCompile>
    <ClCompile Include="source\pkRendererManager.cpp">
      <Filter>source\managers</Filter>
    </ClCompile>
    <ClCompile Include="source\pkModelManager.cpp">
      <Filter>source\managers</Filter>
    </ClCompile>
    <ClCompile Include="source\pkTextureManager.cpp">
      <Filter>source\managers</Filter>
    </ClCompile>
    <ClCompile Include="source\pkTimeManager.cpp">
      <Filter>source\managers</Filter>
    </ClCompile>
    <ClCompile Include="source\pkAssetResourceManager.cpp">
      <Filter>source\managers</Filter>
    </ClCompile>
    <ClCompile Include="source\pkShaderManager.cpp">
      <Filter>source\managers</Filter>
    </ClCompile>
    <ClCompile Include="source\pkDllManager.cpp">
      <Filter>source\managers</Filter>
    </ClCompile>
    <ClCompile Include="source\pkModelCodec.cpp">
      <Filter>source\codecs</Filter>
    </ClCompile>
    <ClCompile Include="source\pkTextureCodec.cpp">
      <Filter>source\codecs</Filter>
    </ClCompile>
    <ClCompile Include="source\pkModel.cpp">
      <Filter>source\components</Filter>
    </ClCompile>
    <ClCompile Include="source\pkMesh.cpp">
      <Filter>source\components</Filter>
    </ClCompile>
    <ClCompile Include="source\pkInverseKinematics.cpp">
      <Filter>source\components</Filter>
    </ClCompile>
    <ClCompile Include="source\pkGravityComponent.cpp">
      <Filter>source\components</Filter>
    </ClCompile>
    <ClCompile Include="source\pkMaterialCodec.cpp">
      <Filter>source\codecs</Filter>
    </ClCompile>
    <ClCompile Include="source\pkBaseResource.cpp">
      <Filter>source\resources</Filter>
    </ClCompile>
    <ClCompile Include="source\pkModelResource.cpp">
      <Filter>source\resources</Filter>
    </ClCompile>
    <ClCompile Include="source\pkTextureResource.cpp">
      <Filter>source\resources</Filter>
    </ClCompile>
    <ClCompile Include="source\pkMaterialResource.cpp">
      <Filter>source\resources</Filter>
    </ClCompile>
    <ClCompile Include="source\pkMaterialManager.cpp">
      <Filter>source\managers</Filter>
    </ClCompile>
    <ClCompile Include="source\pkShaderResource.cpp">
      <Filter>source\resources</Filter>
    </ClCompile>
    <ClCompile Include="source\pkShaderCodec.cpp">
      <Filter>source\codecs</Filter>
    </ClCompile>
    <ClCompile Include="source\pkTexture3D.cpp">
      <Filter>source\graphics</Filter>
    </ClCompile>
    <ClCompile Include="source\pkLight.cpp">
      <Filter>source\components</Filter>
    </ClCompile>
    <ClCompile Include="source\pkCamera.cpp">
      <Filter>source\components</Filter>
    </ClCompile>
  </ItemGroup>
</Project>