<?xml version="1.0" encoding="utf-8"?>
<Project ToolsVersion="4.0" xmlns="http://schemas.microsoft.com/developer/msbuild/2003">
  <ItemGroup>
    <ClCompile Include="source\pkBaseApp.cpp">
      <Filter>source</Filter>
    </ClCompile>
    <ClCompile Include="source\pkBone.cpp">
      <Filter>source</Filter>
    </ClCompile>
    <ClCompile Include="source\pkCamera.cpp">
      <Filter>source</Filter>
    </ClCompile>
    <ClCompile Include="source\pkDebug.cpp">
      <Filter>source</Filter>
    </ClCompile>
    <ClCompile Include="source\pkDllLoader.cpp">
      <Filter>source</Filter>
    </ClCompile>
    <ClCompile Include="source\pkGameObject.cpp">
      <Filter>source</Filter>
    </ClCompile>
    <ClCompile Include="source\pkGraphicsAPI.cpp">
      <Filter>source</Filter>
    </ClCompile>
    <ClCompile Include="source\pkIndexBuffer.cpp">
      <Filter>source</Filter>
    </ClCompile>
    <ClCompile Include="source\pkLinuxWindow.cpp">
      <Filter>source</Filter>
    </ClCompile>
    <ClCompile Include="source\pkMain.cpp">
      <Filter>source</Filter>
    </ClCompile>
    <ClCompile Include="source\pkMaterial.cpp">
      <Filter>source</Filter>
    </ClCompile>
    <ClCompile Include="source\pkMesh.cpp">
      <Filter>source</Filter>
    </ClCompile>
    <ClCompile Include="source\pkModel.cpp">
      <Filter>source</Filter>
    </ClCompile>
    <ClCompile Include="source\pkPass.cpp">
      <Filter>source</Filter>
    </ClCompile>
    <ClCompile Include="source\pkScene.cpp">
      <Filter>source</Filter>
    </ClCompile>
    <ClCompile Include="source\pkShader.cpp">
      <Filter>source</Filter>
    </ClCompile>
    <ClCompile Include="source\pkSprite.cpp">
      <Filter>source</Filter>
    </ClCompile>
    <ClCompile Include="source\pkTexture.cpp">
      <Filter>source</Filter>
    </ClCompile>
    <ClCompile Include="source\externals\imgui.cpp">
      <Filter>source\imgui</Filter>
    </ClCompile>
    <ClCompile Include="source\externals\imgui_demo.cpp">
      <Filter>source\imgui</Filter>
    </ClCompile>
    <ClCompile Include="source\externals\imgui_draw.cpp">
      <Filter>source\imgui</Filter>
    </ClCompile>
    <ClCompile Include="source\externals\imgui_tables.cpp">
      <Filter>source\imgui</Filter>
    </ClCompile>
    <ClCompile Include="source\externals\imgui_widgets.cpp">
      <Filter>source\imgui</Filter>
    </ClCompile>
    <ClCompile Include="source\pkActor.cpp">
      <Filter>source\imgui</Filter>
    </ClCompile>
    <ClCompile Include="source\pkImGui_win32.cpp">
      <Filter>source\imgui</Filter>
    </ClCompile>
    <ClCompile Include="source\pkImGui.cpp">
      <Filter>source\imgui</Filter>
    </ClCompile>
    <ClCompile Include="source\pkWin32Window.cpp">
      <Filter>source\windows</Filter>
    </ClCompile>
    <ClCompile Include="source\pkWin32Event.cpp">
      <Filter>source\windows</Filter>
    </ClCompile>
    <ClCompile Include="source\pkWin32EventQueue.cpp">
      <Filter>source\windows</Filter>
    </ClCompile>
    <ClCompile Include="source\pkRendererManager.cpp">
      <Filter>source\windows</Filter>
    </ClCompile>
    <ClCompile Include="source\pkResourceManager.cpp">
      <Filter>source\windows</Filter>
    </ClCompile>
    <ClCompile Include="source\pkScriptManager.cpp">
      <Filter>source\windows</Filter>
    </ClCompile>
    <ClCompile Include="source\pkTextureManager.cpp">
      <Filter>source\windows</Filter>
    </ClCompile>
    <ClCompile Include="source\pkTimeManager.cpp">
      <Filter>source\windows</Filter>
    </ClCompile>
  </ItemGroup>
  <ItemGroup>
    <ClInclude Include="include\pkBlendState.h">
      <Filter>include</Filter>
    </ClInclude>
    <ClInclude Include="include\pkBaseApp.h">
      <Filter>include</Filter>
    </ClInclude>
    <ClInclude Include="include\pkActor.h">
      <Filter>include</Filter>
    </ClInclude>
    <ClInclude Include="include\pkBone.h">
      <Filter>include</Filter>
    </ClInclude>
    <ClInclude Include="include\pkCamera.h">
      <Filter>include</Filter>
    </ClInclude>
    <ClInclude Include="include\pkComponent.h">
      <Filter>include</Filter>
    </ClInclude>
    <ClInclude Include="include\pkConstantBuffer.h">
      <Filter>include</Filter>
    </ClInclude>
    <ClInclude Include="include\pkCoreDefines.h">
      <Filter>include</Filter>
    </ClInclude>
    <ClInclude Include="include\pkDebug.h">
      <Filter>include</Filter>
    </ClInclude>
    <ClInclude Include="include\pkDepthStencilView.h">
      <Filter>include</Filter>
    </ClInclude>
    <ClInclude Include="include\pkDevice.h">
      <Filter>include</Filter>
    </ClInclude>
    <ClInclude Include="include\pkDllLoader.h">
      <Filter>include</Filter>
    </ClInclude>
    <ClInclude Include="include\pkEvent.h">
      <Filter>include</Filter>
    </ClInclude>
    <ClInclude Include="include\pkEventQueue.h">
      <Filter>include</Filter>
    </ClInclude>
    <ClInclude Include="include\pkFrustum.h">
      <Filter>include</Filter>
    </ClInclude>
    <ClInclude Include="include\pkGameObject.h">
      <Filter>include</Filter>
    </ClInclude>
    <ClInclude Include="include\pkGraphicTypes.h">
      <Filter>include</Filter>
    </ClInclude>
    <ClInclude Include="include\pkIndexBuffer.h">
      <Filter>include</Filter>
    </ClInclude>
    <ClInclude Include="include\pkInputLayout.h">
      <Filter>include</Filter>
    </ClInclude>
    <ClInclude Include="include\pkInputLayoutDesc.h">
      <Filter>include</Filter>
    </ClInclude>
    <ClInclude Include="include\pkKey.h">
      <Filter>include</Filter>
    </ClInclude>
    <ClInclude Include="include\pkLight.h">
      <Filter>include</Filter>
    </ClInclude>
    <ClInclude Include="include\pkMaterial.h">
      <Filter>include</Filter>
    </ClInclude>
    <ClInclude Include="include\pkMesh.h">
      <Filter>include</Filter>
    </ClInclude>
    <ClInclude Include="include\pkModel.h">
      <Filter>include</Filter>
    </ClInclude>
    <ClInclude Include="include\pkMouseWheelData.h">
      <Filter>include</Filter>
    </ClInclude>
    <ClInclude Include="include\pkPass.h">
      <Filter>include</Filter>
    </ClInclude>
    <ClInclude Include="include\pkSamplerState.h">
      <Filter>include</Filter>
    </ClInclude>
    <ClInclude Include="include\pkScene.h">
      <Filter>include</Filter>
    </ClInclude>
    <ClInclude Include="include\pkShader.h">
      <Filter>include</Filter>
    </ClInclude>
    <ClInclude Include="include\pkSimpleVertex.h">
      <Filter>include</Filter>
    </ClInclude>
    <ClInclude Include="include\pkSprite.h">
      <Filter>include</Filter>
    </ClInclude>
    <ClInclude Include="include\pkSwapChain.h">
      <Filter>include</Filter>
    </ClInclude>
    <ClInclude Include="include\pkTexture.h">
      <Filter>include</Filter>
    </ClInclude>
    <ClInclude Include="include\pkVertexBuffer.h">
      <Filter>include</Filter>
    </ClInclude>
    <ClInclude Include="include\pkWindow.h">
      <Filter>include</Filter>
    </ClInclude>
    <ClInclude Include="include\pkWindowDesc.h">
      <Filter>include</Filter>
    </ClInclude>
    <ClInclude Include="include\stb_image.h">
      <Filter>include</Filter>
    </ClInclude>
    <ClInclude Include="include\externals\imconfig.h">
      <Filter>include\imgui</Filter>
    </ClInclude>
    <ClInclude Include="include\externals\imgui.h">
      <Filter>include\imgui</Filter>
    </ClInclude>
    <ClInclude Include="include\externals\imgui_internal.h">
      <Filter>include\imgui</Filter>
    </ClInclude>
    <ClInclude Include="include\externals\imstb_rectpack.h">
      <Filter>include\imgui</Filter>
    </ClInclude>
    <ClInclude Include="include\externals\imstb_textedit.h">
      <Filter>include\imgui</Filter>
    </ClInclude>
    <ClInclude Include="include\externals\imstb_truetype.h">
      <Filter>include\imgui</Filter>
    </ClInclude>
    <ClInclude Include="include\pkImGui.h">
      <Filter>include\imgui</Filter>
    </ClInclude>
    <ClInclude Include="include\pkRendererManager.h">
      <Filter>include\managers</Filter>
    </ClInclude>
    <ClInclude Include="include\pkRenderTargetView.h">
      <Filter>include\managers</Filter>
    </ClInclude>
    <ClInclude Include="include\pkResourceManager.h">
      <Filter>include\managers</Filter>
    </ClInclude>
    <ClInclude Include="include\pkScriptManager.h">
      <Filter>include\managers</Filter>
    </ClInclude>
    <ClInclude Include="include\pkTextureManager.h">
      <Filter>include\managers</Filter>
    </ClInclude>
    <ClInclude Include="include\pkTimeManager.h">
      <Filter>include\managers</Filter>
    </ClInclude>
    <ClInclude Include="include\pkGraphicsAPI.h">
      <Filter>include\api</Filter>
    </ClInclude>
    <ClInclude Include="include\pkPrerequisitesCore.h">
      <Filter>include\prerequisites</Filter>
    </ClInclude>
    <ClInclude Include="include\pkTextureManager.h">
      <Filter>include\base app</Filter>
    </ClInclude>
  </ItemGroup>
  <ItemGroup>
<<<<<<< Updated upstream
    <Filter Include="include">
      <UniqueIdentifier>{4a3f2d1f-cd47-4d15-b651-cdefeb773edd}</UniqueIdentifier>
    </Filter>
    <Filter Include="source">
      <UniqueIdentifier>{432de3eb-231e-4be3-8d86-159ee2bdd0ca}</UniqueIdentifier>
    </Filter>
    <Filter Include="source\imgui">
      <UniqueIdentifier>{1f199d49-3986-4433-ac2a-a5b574e69838}</UniqueIdentifier>
    </Filter>
    <Filter Include="source\windows">
      <UniqueIdentifier>{4ea0806f-0b50-4dfa-b68c-85ff29affbcf}</UniqueIdentifier>
    </Filter>
    <Filter Include="source\managers">
      <UniqueIdentifier>{f5ebe4c6-3388-4728-9840-3912c305267b}</UniqueIdentifier>
    </Filter>
    <Filter Include="source\linux">
      <UniqueIdentifier>{7e43b211-fe5c-411d-9505-7b9f1494bd53}</UniqueIdentifier>
    </Filter>
    <Filter Include="include\imgui">
      <UniqueIdentifier>{d6c47391-30fa-4fd4-8347-7aac8a1b2a97}</UniqueIdentifier>
    </Filter>
    <Filter Include="include\managers">
      <UniqueIdentifier>{65f31a21-950e-41b8-8b80-d4cd6de36da6}</UniqueIdentifier>
    </Filter>
    <Filter Include="include\api">
      <UniqueIdentifier>{5865160c-99c1-49a4-a702-a56981910123}</UniqueIdentifier>
    </Filter>
    <Filter Include="include\prerequisites">
      <UniqueIdentifier>{e0ae948d-50e4-4b92-950f-be0cba1e1e60}</UniqueIdentifier>
    </Filter>
=======
    <ClCompile Include="source\pkWin32Window.cpp">
      <Filter>source\window</Filter>
    </ClCompile>
    <ClCompile Include="source\pkLinuxWindow.cpp">
      <Filter>source\window</Filter>
    </ClCompile>
    <ClCompile Include="source\pkIndexBuffer.cpp">
      <Filter>source\buffers</Filter>
    </ClCompile>
    <ClCompile Include="source\pkGraphicsAPI.cpp">
      <Filter>source\api</Filter>
    </ClCompile>
    <ClCompile Include="source\pkCamera.cpp">
      <Filter>source\camera</Filter>
    </ClCompile>
    <ClCompile Include="source\pkGameObject.cpp">
      <Filter>source\game</Filter>
    </ClCompile>
    <ClCompile Include="source\pkModel.cpp">
      <Filter>source\game</Filter>
    </ClCompile>
    <ClCompile Include="source\pkBone.cpp">
      <Filter>source\game</Filter>
    </ClCompile>
    <ClCompile Include="source\pkMesh.cpp">
      <Filter>source\api</Filter>
    </ClCompile>
    <ClCompile Include="source\pkMain.cpp">
      <Filter>source\main</Filter>
    </ClCompile>
    <ClCompile Include="source\pkDllLoader.cpp">
      <Filter>source\api</Filter>
    </ClCompile>
    <ClCompile Include="source\pkBaseApp.cpp">
      <Filter>source\base app</Filter>
    </ClCompile>
    <ClCompile Include="source\pkWin32Event.cpp">
      <Filter>source\events</Filter>
    </ClCompile>
    <ClCompile Include="source\pkWin32EventQueue.cpp">
      <Filter>source\events</Filter>
    </ClCompile>
    <ClCompile Include="source\pkMaterial.cpp">
      <Filter>source\graphics</Filter>
    </ClCompile>
    <ClCompile Include="source\pkTexture.cpp">
      <Filter>source\graphics</Filter>
    </ClCompile>
    <ClCompile Include="source\pkSprite.cpp">
      <Filter>source\game</Filter>
    </ClCompile>
    <ClCompile Include="source\pkActor.cpp">
      <Filter>source\game</Filter>
    </ClCompile>
    <ClCompile Include="source\pkLogger.cpp">
      <Filter>source\debug</Filter>
    </ClCompile>
    <ClCompile Include="source\pkImGui.cpp">
      <Filter>source\imgui</Filter>
    </ClCompile>
    <ClCompile Include="source\externals\imgui.cpp">
      <Filter>source\imgui</Filter>
    </ClCompile>
    <ClCompile Include="source\externals\imgui_demo.cpp">
      <Filter>source\imgui</Filter>
    </ClCompile>
    <ClCompile Include="source\externals\imgui_draw.cpp">
      <Filter>source\imgui</Filter>
    </ClCompile>
    <ClCompile Include="source\externals\imgui_tables.cpp">
      <Filter>source\imgui</Filter>
    </ClCompile>
    <ClCompile Include="source\externals\imgui_widgets.cpp">
      <Filter>source\imgui</Filter>
    </ClCompile>
    <ClCompile Include="source\pkRendererManager.cpp">
      <Filter>source\base app</Filter>
    </ClCompile>
    <ClCompile Include="source\pkResourceManager.cpp">
      <Filter>source\base app</Filter>
    </ClCompile>
    <ClCompile Include="source\pkTimeManager.cpp">
      <Filter>source\base app</Filter>
    </ClCompile>
    <ClCompile Include="source\pkImGui_win32.cpp">
      <Filter>source\imgui</Filter>
    </ClCompile>
    <ClCompile Include="source\pkScriptManager.cpp">
      <Filter>source\script</Filter>
    </ClCompile>
    <ClCompile Include="source\pkScene.cpp">
      <Filter>source\game</Filter>
    </ClCompile>
    <ClCompile Include="source\pkPass.cpp">
      <Filter>source\game</Filter>
    </ClCompile>
    <ClCompile Include="source\pkShader.cpp">
      <Filter>source\graphics</Filter>
    </ClCompile>
    <ClCompile Include="source\pkGravityComponent.cpp">
      <Filter>source\game</Filter>
    </ClCompile>
    <ClCompile Include="source\pkInverseKinematics.cpp">
      <Filter>source\game</Filter>
    </ClCompile>
    <ClCompile Include="source\imgui_impl_win32.cpp">
      <Filter>source\imgui</Filter>
    </ClCompile>
    <ClCompile Include="source\pkTextureManager.cpp">
      <Filter>source\base app</Filter>
    </ClCompile>
>>>>>>> Stashed changes
  </ItemGroup>
</Project>