<?xml version="1.0" encoding="utf-8"?>
<Project ToolsVersion="4.0" xmlns="http://schemas.microsoft.com/developer/msbuild/2003">
  <ItemGroup>
    <Filter Include="include">
      <UniqueIdentifier>{f0374e6a-516f-4f0e-871a-41633b63457c}</UniqueIdentifier>
    </Filter>
    <Filter Include="source">
      <UniqueIdentifier>{93fdcb19-ae0f-49e9-9fa6-f2e96f481d5e}</UniqueIdentifier>
    </Filter>
    <Filter Include="source\main">
      <UniqueIdentifier>{e0141e9c-9063-4c05-ac21-f7c7ef4398dd}</UniqueIdentifier>
    </Filter>
  </ItemGroup>
  <ItemGroup>
    <ClCompile Include="source\pkCoreTest.cpp">
      <Filter>source\main</Filter>
    </ClCompile>
    <ClCompile Include="source\PhysicsApp.cpp">
      <Filter>source</Filter>
    </ClCompile>
    <ClCompile Include="source\Projectile.cpp">
      <Filter>source</Filter>
    </ClCompile>
    <ClCompile Include="source\ShaderTest.cpp">
      <Filter>source</Filter>
    </ClCompile>
    <ClCompile Include="source\pkObstacle.cpp">
      <Filter>source</Filter>
    </ClCompile>
  </ItemGroup>
  <ItemGroup>
    <ClInclude Include="include\PhysicsApp.h">
      <Filter>include</Filter>
    </ClInclude>
    <ClInclude Include="include\Projectile.h">
      <Filter>include</Filter>
    </ClInclude>
    <ClInclude Include="include\ShaderTest.h">
      <Filter>include</Filter>
    </ClInclude>
    <ClInclude Include="include\Cannon.h">
      <Filter>include</Filter>
    </ClInclude>
    <ClInclude Include="include\Obstacle.h">
      <Filter>include</Filter>
    </ClInclude>
  </ItemGroup>
</Project>